
Microsoft Visual Studio Solution File, Format Version 12.00
# Visual Studio 15
VisualStudioVersion = 15.0.28307.136
MinimumVisualStudioVersion = 10.0.40219.1
Project("{FAE04EC0-301F-11D3-BF4B-00C04F79EFBC}") = "BIPIT_9", "BIPIT_9\BIPIT_9.csproj", "{7AD8CAFE-BB1B-4ADF-996D-29B82D1D3D05}"
EndProject
Global
	GlobalSection(SolutionConfigurationPlatforms) = preSolution
		Debug|Any CPU = Debug|Any CPU
		Release|Any CPU = Release|Any CPU
	EndGlobalSection
	GlobalSection(ProjectConfigurationPlatforms) = postSolution
		{7AD8CAFE-BB1B-4ADF-996D-29B82D1D3D05}.Debug|Any CPU.ActiveCfg = Debug|Any CPU
		{7AD8CAFE-BB1B-4ADF-996D-29B82D1D3D05}.Debug|Any CPU.Build.0 = Debug|Any CPU
		{7AD8CAFE-BB1B-4ADF-996D-29B82D1D3D05}.Release|Any CPU.ActiveCfg = Release|Any CPU
		{7AD8CAFE-BB1B-4ADF-996D-29B82D1D3D05}.Release|Any CPU.Build.0 = Release|Any CPU
	EndGlobalSection
	GlobalSection(SolutionProperties) = preSolution
		HideSolutionNode = FALSE
	EndGlobalSection
	GlobalSection(ExtensibilityGlobals) = postSolution
		SolutionGuid = {33B1E1B4-6E22-4536-B987-BB83ACF457B6}
	EndGlobalSection
EndGlobal
